// !$*UTF8*$!
{
	archiveVersion = 1;
	classes = {
	};
	objectVersion = 55;
	objects = {

/* Begin PBXBuildFile section */
		BA130641273F6CE900C587EF /* LapDataHandler.swift in Sources */ = {isa = PBXBuildFile; fileRef = BA130640273F6CE900C587EF /* LapDataHandler.swift */; };
		BA8B8FBD273CCDC800D63413 /* FormulaTelemetryApp.swift in Sources */ = {isa = PBXBuildFile; fileRef = BA8B8FBC273CCDC800D63413 /* FormulaTelemetryApp.swift */; };
		BA8B8FBF273CCDC800D63413 /* ContentView.swift in Sources */ = {isa = PBXBuildFile; fileRef = BA8B8FBE273CCDC800D63413 /* ContentView.swift */; };
		BA8B8FC1273CCDCA00D63413 /* Assets.xcassets in Resources */ = {isa = PBXBuildFile; fileRef = BA8B8FC0273CCDCA00D63413 /* Assets.xcassets */; };
		BA8B8FC4273CCDCA00D63413 /* Preview Assets.xcassets in Resources */ = {isa = PBXBuildFile; fileRef = BA8B8FC3273CCDCA00D63413 /* Preview Assets.xcassets */; };
		BA8B8FC6273CCDCA00D63413 /* Persistence.swift in Sources */ = {isa = PBXBuildFile; fileRef = BA8B8FC5273CCDCA00D63413 /* Persistence.swift */; };
		BA8B8FC9273CCDCA00D63413 /* FormulaTelemetry.xcdatamodeld in Sources */ = {isa = PBXBuildFile; fileRef = BA8B8FC7273CCDCA00D63413 /* FormulaTelemetry.xcdatamodeld */; };
		BA8B8FD4273CCDCA00D63413 /* FormulaTelemetryTests.swift in Sources */ = {isa = PBXBuildFile; fileRef = BA8B8FD3273CCDCA00D63413 /* FormulaTelemetryTests.swift */; };
		BA8B8FDE273CCDCA00D63413 /* FormulaTelemetryUITests.swift in Sources */ = {isa = PBXBuildFile; fileRef = BA8B8FDD273CCDCA00D63413 /* FormulaTelemetryUITests.swift */; };
		BA8B8FE0273CCDCA00D63413 /* FormulaTelemetryUITestsLaunchTests.swift in Sources */ = {isa = PBXBuildFile; fileRef = BA8B8FDF273CCDCA00D63413 /* FormulaTelemetryUITestsLaunchTests.swift */; };
		BA8B8FFC273CD42F00D63413 /* Manager.swift in Sources */ = {isa = PBXBuildFile; fileRef = BA8B8FFB273CD42F00D63413 /* Manager.swift */; };
		BA8B8FFF273CDD4200D63413 /* Session.swift in Sources */ = {isa = PBXBuildFile; fileRef = BA8B8FFE273CDD4200D63413 /* Session.swift */; };
		BA8B9001273CDEBA00D63413 /* UDPClient.swift in Sources */ = {isa = PBXBuildFile; fileRef = BA8B9000273CDEBA00D63413 /* UDPClient.swift */; };
		BA8B9003273CDF0100D63413 /* UDPHandler.swift in Sources */ = {isa = PBXBuildFile; fileRef = BA8B9002273CDF0100D63413 /* UDPHandler.swift */; };
		BA8B9006273CDFE200D63413 /* F12020TelemetryPackets in Frameworks */ = {isa = PBXBuildFile; productRef = BA8B9005273CDFE200D63413 /* F12020TelemetryPackets */; };
		BA93E7E0277CFFD50028DB9C /* NIO in Frameworks */ = {isa = PBXBuildFile; productRef = BA93E7DF277CFFD50028DB9C /* NIO */; };
		BA93E7E5277D14B70028DB9C /* TelemetryView.swift in Sources */ = {isa = PBXBuildFile; fileRef = BA93E7E4277D14B70028DB9C /* TelemetryView.swift */; };
		BA93E7E8277D15210028DB9C /* TelemetryDataHandler.swift in Sources */ = {isa = PBXBuildFile; fileRef = BA93E7E7277D15210028DB9C /* TelemetryDataHandler.swift */; };
		BA973BC7277D254700D113C3 /* LapDataView.swift in Sources */ = {isa = PBXBuildFile; fileRef = BA973BC6277D254700D113C3 /* LapDataView.swift */; };
		BAC617752757009D00036676 /* SessionDataHandler.swift in Sources */ = {isa = PBXBuildFile; fileRef = BAC617742757009D00036676 /* SessionDataHandler.swift */; };
		BAC617772762D26B00036676 /* SessionView.swift in Sources */ = {isa = PBXBuildFile; fileRef = BAC617762762D26B00036676 /* SessionView.swift */; };
		BAC6177B2762DD2C00036676 /* MapView.swift in Sources */ = {isa = PBXBuildFile; fileRef = BAC6177A2762DD2C00036676 /* MapView.swift */; };
		BAC6177D2762E0C000036676 /* MotionDataHandler.swift in Sources */ = {isa = PBXBuildFile; fileRef = BAC6177C2762E0C000036676 /* MotionDataHandler.swift */; };
/* End PBXBuildFile section */

/* Begin PBXContainerItemProxy section */
		BA8B8FD0273CCDCA00D63413 /* PBXContainerItemProxy */ = {
			isa = PBXContainerItemProxy;
			containerPortal = BA8B8FB1273CCDC800D63413 /* Project object */;
			proxyType = 1;
			remoteGlobalIDString = BA8B8FB8273CCDC800D63413;
			remoteInfo = FormulaTelemetry;
		};
		BA8B8FDA273CCDCA00D63413 /* PBXContainerItemProxy */ = {
			isa = PBXContainerItemProxy;
			containerPortal = BA8B8FB1273CCDC800D63413 /* Project object */;
			proxyType = 1;
			remoteGlobalIDString = BA8B8FB8273CCDC800D63413;
			remoteInfo = FormulaTelemetry;
		};
/* End PBXContainerItemProxy section */

/* Begin PBXFileReference section */
		BA130640273F6CE900C587EF /* LapDataHandler.swift */ = {isa = PBXFileReference; lastKnownFileType = sourcecode.swift; path = LapDataHandler.swift; sourceTree = "<group>"; };
		BA8B8FB9273CCDC800D63413 /* FormulaTelemetry.app */ = {isa = PBXFileReference; explicitFileType = wrapper.application; includeInIndex = 0; path = FormulaTelemetry.app; sourceTree = BUILT_PRODUCTS_DIR; };
		BA8B8FBC273CCDC800D63413 /* FormulaTelemetryApp.swift */ = {isa = PBXFileReference; lastKnownFileType = sourcecode.swift; path = FormulaTelemetryApp.swift; sourceTree = "<group>"; };
		BA8B8FBE273CCDC800D63413 /* ContentView.swift */ = {isa = PBXFileReference; lastKnownFileType = sourcecode.swift; path = ContentView.swift; sourceTree = "<group>"; };
		BA8B8FC0273CCDCA00D63413 /* Assets.xcassets */ = {isa = PBXFileReference; lastKnownFileType = folder.assetcatalog; path = Assets.xcassets; sourceTree = "<group>"; };
		BA8B8FC3273CCDCA00D63413 /* Preview Assets.xcassets */ = {isa = PBXFileReference; lastKnownFileType = folder.assetcatalog; path = "Preview Assets.xcassets"; sourceTree = "<group>"; };
		BA8B8FC5273CCDCA00D63413 /* Persistence.swift */ = {isa = PBXFileReference; lastKnownFileType = sourcecode.swift; path = Persistence.swift; sourceTree = "<group>"; };
		BA8B8FC8273CCDCA00D63413 /* FormulaTelemetry.xcdatamodel */ = {isa = PBXFileReference; lastKnownFileType = wrapper.xcdatamodel; path = FormulaTelemetry.xcdatamodel; sourceTree = "<group>"; };
		BA8B8FCA273CCDCA00D63413 /* FormulaTelemetry.entitlements */ = {isa = PBXFileReference; lastKnownFileType = text.plist.entitlements; path = FormulaTelemetry.entitlements; sourceTree = "<group>"; };
		BA8B8FCF273CCDCA00D63413 /* FormulaTelemetryTests.xctest */ = {isa = PBXFileReference; explicitFileType = wrapper.cfbundle; includeInIndex = 0; path = FormulaTelemetryTests.xctest; sourceTree = BUILT_PRODUCTS_DIR; };
		BA8B8FD3273CCDCA00D63413 /* FormulaTelemetryTests.swift */ = {isa = PBXFileReference; lastKnownFileType = sourcecode.swift; path = FormulaTelemetryTests.swift; sourceTree = "<group>"; };
		BA8B8FD9273CCDCA00D63413 /* FormulaTelemetryUITests.xctest */ = {isa = PBXFileReference; explicitFileType = wrapper.cfbundle; includeInIndex = 0; path = FormulaTelemetryUITests.xctest; sourceTree = BUILT_PRODUCTS_DIR; };
		BA8B8FDD273CCDCA00D63413 /* FormulaTelemetryUITests.swift */ = {isa = PBXFileReference; lastKnownFileType = sourcecode.swift; path = FormulaTelemetryUITests.swift; sourceTree = "<group>"; };
		BA8B8FDF273CCDCA00D63413 /* FormulaTelemetryUITestsLaunchTests.swift */ = {isa = PBXFileReference; lastKnownFileType = sourcecode.swift; path = FormulaTelemetryUITestsLaunchTests.swift; sourceTree = "<group>"; };
		BA8B8FEF273CD10C00D63413 /* F12020TelemetryPackets */ = {isa = PBXFileReference; lastKnownFileType = folder; name = F12020TelemetryPackets; path = ../../F12020TelemetryPackets; sourceTree = "<group>"; };
		BA8B8FFB273CD42F00D63413 /* Manager.swift */ = {isa = PBXFileReference; lastKnownFileType = sourcecode.swift; path = Manager.swift; sourceTree = "<group>"; };
		BA8B8FFE273CDD4200D63413 /* Session.swift */ = {isa = PBXFileReference; lastKnownFileType = sourcecode.swift; path = Session.swift; sourceTree = "<group>"; };
		BA8B9000273CDEBA00D63413 /* UDPClient.swift */ = {isa = PBXFileReference; lastKnownFileType = sourcecode.swift; path = UDPClient.swift; sourceTree = "<group>"; };
		BA8B9002273CDF0100D63413 /* UDPHandler.swift */ = {isa = PBXFileReference; lastKnownFileType = sourcecode.swift; path = UDPHandler.swift; sourceTree = "<group>"; };
		BA93E7E4277D14B70028DB9C /* TelemetryView.swift */ = {isa = PBXFileReference; lastKnownFileType = sourcecode.swift; path = TelemetryView.swift; sourceTree = "<group>"; };
		BA93E7E7277D15210028DB9C /* TelemetryDataHandler.swift */ = {isa = PBXFileReference; lastKnownFileType = sourcecode.swift; path = TelemetryDataHandler.swift; sourceTree = "<group>"; };
		BA973BC6277D254700D113C3 /* LapDataView.swift */ = {isa = PBXFileReference; lastKnownFileType = sourcecode.swift; path = LapDataView.swift; sourceTree = "<group>"; };
		BAC617742757009D00036676 /* SessionDataHandler.swift */ = {isa = PBXFileReference; lastKnownFileType = sourcecode.swift; path = SessionDataHandler.swift; sourceTree = "<group>"; };
		BAC617762762D26B00036676 /* SessionView.swift */ = {isa = PBXFileReference; lastKnownFileType = sourcecode.swift; path = SessionView.swift; sourceTree = "<group>"; };
		BAC6177A2762DD2C00036676 /* MapView.swift */ = {isa = PBXFileReference; lastKnownFileType = sourcecode.swift; path = MapView.swift; sourceTree = "<group>"; };
		BAC6177C2762E0C000036676 /* MotionDataHandler.swift */ = {isa = PBXFileReference; lastKnownFileType = sourcecode.swift; path = MotionDataHandler.swift; sourceTree = "<group>"; };
		BACE818B277CD0C700E314DF /* F12020TelemetryPackets */ = {isa = PBXFileReference; lastKnownFileType = wrapper; name = F12020TelemetryPackets; path = ../../F12020TelemetryPackets; sourceTree = "<group>"; };
/* End PBXFileReference section */

/* Begin PBXFrameworksBuildPhase section */
		BA8B8FB6273CCDC800D63413 /* Frameworks */ = {
			isa = PBXFrameworksBuildPhase;
			buildActionMask = 2147483647;
			files = (
				BA8B9006273CDFE200D63413 /* F12020TelemetryPackets in Frameworks */,
				BA93E7E0277CFFD50028DB9C /* NIO in Frameworks */,
			);
			runOnlyForDeploymentPostprocessing = 0;
		};
		BA8B8FCC273CCDCA00D63413 /* Frameworks */ = {
			isa = PBXFrameworksBuildPhase;
			buildActionMask = 2147483647;
			files = (
			);
			runOnlyForDeploymentPostprocessing = 0;
		};
		BA8B8FD6273CCDCA00D63413 /* Frameworks */ = {
			isa = PBXFrameworksBuildPhase;
			buildActionMask = 2147483647;
			files = (
			);
			runOnlyForDeploymentPostprocessing = 0;
		};
/* End PBXFrameworksBuildPhase section */

/* Begin PBXGroup section */
		BA13063F273F6CD900C587EF /* Handlers */ = {
			isa = PBXGroup;
			children = (
				BA130640273F6CE900C587EF /* LapDataHandler.swift */,
				BAC617742757009D00036676 /* SessionDataHandler.swift */,
				BAC6177C2762E0C000036676 /* MotionDataHandler.swift */,
				BA93E7E7277D15210028DB9C /* TelemetryDataHandler.swift */,
			);
			path = Handlers;
			sourceTree = "<group>";
		};
		BA8B8FB0273CCDC800D63413 = {
			isa = PBXGroup;
			children = (
				BA8B8FEC273CCFE600D63413 /* Packages */,
				BA8B8FBB273CCDC800D63413 /* FormulaTelemetry */,
				BA8B8FD2273CCDCA00D63413 /* FormulaTelemetryTests */,
				BA8B8FDC273CCDCA00D63413 /* FormulaTelemetryUITests */,
				BA8B8FBA273CCDC800D63413 /* Products */,
				BA8B9004273CDFE200D63413 /* Frameworks */,
			);
			sourceTree = "<group>";
		};
		BA8B8FBA273CCDC800D63413 /* Products */ = {
			isa = PBXGroup;
			children = (
				BA8B8FB9273CCDC800D63413 /* FormulaTelemetry.app */,
				BA8B8FCF273CCDCA00D63413 /* FormulaTelemetryTests.xctest */,
				BA8B8FD9273CCDCA00D63413 /* FormulaTelemetryUITests.xctest */,
			);
			name = Products;
			sourceTree = "<group>";
		};
		BA8B8FBB273CCDC800D63413 /* FormulaTelemetry */ = {
			isa = PBXGroup;
			children = (
				BAC617782762DD1300036676 /* Views */,
				BA8B8FFD273CDD0D00D63413 /* src */,
				BA8B8FBC273CCDC800D63413 /* FormulaTelemetryApp.swift */,
				BA8B8FBE273CCDC800D63413 /* ContentView.swift */,
				BA8B8FC0273CCDCA00D63413 /* Assets.xcassets */,
				BA8B8FC5273CCDCA00D63413 /* Persistence.swift */,
				BA8B8FCA273CCDCA00D63413 /* FormulaTelemetry.entitlements */,
				BA8B8FC7273CCDCA00D63413 /* FormulaTelemetry.xcdatamodeld */,
				BA8B8FC2273CCDCA00D63413 /* Preview Content */,
			);
			path = FormulaTelemetry;
			sourceTree = "<group>";
		};
		BA8B8FC2273CCDCA00D63413 /* Preview Content */ = {
			isa = PBXGroup;
			children = (
				BA8B8FC3273CCDCA00D63413 /* Preview Assets.xcassets */,
			);
			path = "Preview Content";
			sourceTree = "<group>";
		};
		BA8B8FD2273CCDCA00D63413 /* FormulaTelemetryTests */ = {
			isa = PBXGroup;
			children = (
				BA8B8FD3273CCDCA00D63413 /* FormulaTelemetryTests.swift */,
			);
			path = FormulaTelemetryTests;
			sourceTree = "<group>";
		};
		BA8B8FDC273CCDCA00D63413 /* FormulaTelemetryUITests */ = {
			isa = PBXGroup;
			children = (
				BA8B8FDD273CCDCA00D63413 /* FormulaTelemetryUITests.swift */,
				BA8B8FDF273CCDCA00D63413 /* FormulaTelemetryUITestsLaunchTests.swift */,
			);
			path = FormulaTelemetryUITests;
			sourceTree = "<group>";
		};
		BA8B8FEC273CCFE600D63413 /* Packages */ = {
			isa = PBXGroup;
			children = (
				BA8B8FEF273CD10C00D63413 /* F12020TelemetryPackets */,
				BACE818B277CD0C700E314DF /* F12020TelemetryPackets */,
			);
			name = Packages;
			sourceTree = "<group>";
		};
		BA8B8FFD273CDD0D00D63413 /* src */ = {
			isa = PBXGroup;
			children = (
				BA13063F273F6CD900C587EF /* Handlers */,
				BA8B8FFB273CD42F00D63413 /* Manager.swift */,
				BA8B8FFE273CDD4200D63413 /* Session.swift */,
				BA8B9000273CDEBA00D63413 /* UDPClient.swift */,
				BA8B9002273CDF0100D63413 /* UDPHandler.swift */,
			);
			path = src;
			sourceTree = "<group>";
		};
		BA8B9004273CDFE200D63413 /* Frameworks */ = {
			isa = PBXGroup;
			children = (
			);
			name = Frameworks;
			sourceTree = "<group>";
		};
		BA93E7E1277D147B0028DB9C /* Telemetry */ = {
			isa = PBXGroup;
			children = (
				BA93E7E4277D14B70028DB9C /* TelemetryView.swift */,
			);
			path = Telemetry;
			sourceTree = "<group>";
		};
		BA93E7E6277D14D50028DB9C /* Session */ = {
			isa = PBXGroup;
			children = (
				BAC617762762D26B00036676 /* SessionView.swift */,
			);
			path = Session;
			sourceTree = "<group>";
		};
		BA973BC5277D253800D113C3 /* Lap */ = {
			isa = PBXGroup;
			children = (
				BA973BC6277D254700D113C3 /* LapDataView.swift */,
			);
			path = Lap;
			sourceTree = "<group>";
		};
		BAC617782762DD1300036676 /* Views */ = {
			isa = PBXGroup;
			children = (
				BA973BC5277D253800D113C3 /* Lap */,
				BA93E7E6277D14D50028DB9C /* Session */,
				BA93E7E1277D147B0028DB9C /* Telemetry */,
				BAC617792762DD2000036676 /* MapViews */,
			);
			path = Views;
			sourceTree = "<group>";
		};
		BAC617792762DD2000036676 /* MapViews */ = {
			isa = PBXGroup;
			children = (
				BAC6177A2762DD2C00036676 /* MapView.swift */,
			);
			path = MapViews;
			sourceTree = "<group>";
		};
/* End PBXGroup section */

/* Begin PBXNativeTarget section */
		BA8B8FB8273CCDC800D63413 /* FormulaTelemetry */ = {
			isa = PBXNativeTarget;
			buildConfigurationList = BA8B8FE3273CCDCA00D63413 /* Build configuration list for PBXNativeTarget "FormulaTelemetry" */;
			buildPhases = (
				BA8B8FB5273CCDC800D63413 /* Sources */,
				BA8B8FB6273CCDC800D63413 /* Frameworks */,
				BA8B8FB7273CCDC800D63413 /* Resources */,
			);
			buildRules = (
			);
			dependencies = (
			);
			name = FormulaTelemetry;
			packageProductDependencies = (
				BA8B9005273CDFE200D63413 /* F12020TelemetryPackets */,
				BA93E7DF277CFFD50028DB9C /* NIO */,
			);
			productName = FormulaTelemetry;
			productReference = BA8B8FB9273CCDC800D63413 /* FormulaTelemetry.app */;
			productType = "com.apple.product-type.application";
		};
		BA8B8FCE273CCDCA00D63413 /* FormulaTelemetryTests */ = {
			isa = PBXNativeTarget;
			buildConfigurationList = BA8B8FE6273CCDCA00D63413 /* Build configuration list for PBXNativeTarget "FormulaTelemetryTests" */;
			buildPhases = (
				BA8B8FCB273CCDCA00D63413 /* Sources */,
				BA8B8FCC273CCDCA00D63413 /* Frameworks */,
				BA8B8FCD273CCDCA00D63413 /* Resources */,
			);
			buildRules = (
			);
			dependencies = (
				BA8B8FD1273CCDCA00D63413 /* PBXTargetDependency */,
			);
			name = FormulaTelemetryTests;
			productName = FormulaTelemetryTests;
			productReference = BA8B8FCF273CCDCA00D63413 /* FormulaTelemetryTests.xctest */;
			productType = "com.apple.product-type.bundle.unit-test";
		};
		BA8B8FD8273CCDCA00D63413 /* FormulaTelemetryUITests */ = {
			isa = PBXNativeTarget;
			buildConfigurationList = BA8B8FE9273CCDCA00D63413 /* Build configuration list for PBXNativeTarget "FormulaTelemetryUITests" */;
			buildPhases = (
				BA8B8FD5273CCDCA00D63413 /* Sources */,
				BA8B8FD6273CCDCA00D63413 /* Frameworks */,
				BA8B8FD7273CCDCA00D63413 /* Resources */,
			);
			buildRules = (
			);
			dependencies = (
				BA8B8FDB273CCDCA00D63413 /* PBXTargetDependency */,
			);
			name = FormulaTelemetryUITests;
			productName = FormulaTelemetryUITests;
			productReference = BA8B8FD9273CCDCA00D63413 /* FormulaTelemetryUITests.xctest */;
			productType = "com.apple.product-type.bundle.ui-testing";
		};
/* End PBXNativeTarget section */

/* Begin PBXProject section */
		BA8B8FB1273CCDC800D63413 /* Project object */ = {
			isa = PBXProject;
			attributes = {
				BuildIndependentTargetsInParallel = 1;
				LastSwiftUpdateCheck = 1310;
				LastUpgradeCheck = 1310;
				TargetAttributes = {
					BA8B8FB8273CCDC800D63413 = {
						CreatedOnToolsVersion = 13.1;
					};
					BA8B8FCE273CCDCA00D63413 = {
						CreatedOnToolsVersion = 13.1;
						TestTargetID = BA8B8FB8273CCDC800D63413;
					};
					BA8B8FD8273CCDCA00D63413 = {
						CreatedOnToolsVersion = 13.1;
						TestTargetID = BA8B8FB8273CCDC800D63413;
					};
				};
			};
			buildConfigurationList = BA8B8FB4273CCDC800D63413 /* Build configuration list for PBXProject "FormulaTelemetry" */;
			compatibilityVersion = "Xcode 13.0";
			developmentRegion = en;
			hasScannedForEncodings = 0;
			knownRegions = (
				en,
				Base,
			);
			mainGroup = BA8B8FB0273CCDC800D63413;
			packageReferences = (
				BA93E7DE277CFFD50028DB9C /* XCRemoteSwiftPackageReference "swift-nio" */,
			);
			productRefGroup = BA8B8FBA273CCDC800D63413 /* Products */;
			projectDirPath = "";
			projectRoot = "";
			targets = (
				BA8B8FB8273CCDC800D63413 /* FormulaTelemetry */,
				BA8B8FCE273CCDCA00D63413 /* FormulaTelemetryTests */,
				BA8B8FD8273CCDCA00D63413 /* FormulaTelemetryUITests */,
			);
		};
/* End PBXProject section */

/* Begin PBXResourcesBuildPhase section */
		BA8B8FB7273CCDC800D63413 /* Resources */ = {
			isa = PBXResourcesBuildPhase;
			buildActionMask = 2147483647;
			files = (
				BA8B8FC4273CCDCA00D63413 /* Preview Assets.xcassets in Resources */,
				BA8B8FC1273CCDCA00D63413 /* Assets.xcassets in Resources */,
			);
			runOnlyForDeploymentPostprocessing = 0;
		};
		BA8B8FCD273CCDCA00D63413 /* Resources */ = {
			isa = PBXResourcesBuildPhase;
			buildActionMask = 2147483647;
			files = (
			);
			runOnlyForDeploymentPostprocessing = 0;
		};
		BA8B8FD7273CCDCA00D63413 /* Resources */ = {
			isa = PBXResourcesBuildPhase;
			buildActionMask = 2147483647;
			files = (
			);
			runOnlyForDeploymentPostprocessing = 0;
		};
/* End PBXResourcesBuildPhase section */

/* Begin PBXSourcesBuildPhase section */
		BA8B8FB5273CCDC800D63413 /* Sources */ = {
			isa = PBXSourcesBuildPhase;
			buildActionMask = 2147483647;
			files = (
				BAC617772762D26B00036676 /* SessionView.swift in Sources */,
				BA93E7E8277D15210028DB9C /* TelemetryDataHandler.swift in Sources */,
				BAC6177B2762DD2C00036676 /* MapView.swift in Sources */,
				BA8B8FC6273CCDCA00D63413 /* Persistence.swift in Sources */,
				BA8B8FBF273CCDC800D63413 /* ContentView.swift in Sources */,
				BA130641273F6CE900C587EF /* LapDataHandler.swift in Sources */,
				BA8B9003273CDF0100D63413 /* UDPHandler.swift in Sources */,
				BA8B8FFF273CDD4200D63413 /* Session.swift in Sources */,
				BA8B8FC9273CCDCA00D63413 /* FormulaTelemetry.xcdatamodeld in Sources */,
				BA8B9001273CDEBA00D63413 /* UDPClient.swift in Sources */,
				BAC6177D2762E0C000036676 /* MotionDataHandler.swift in Sources */,
				BA93E7E5277D14B70028DB9C /* TelemetryView.swift in Sources */,
				BA8B8FBD273CCDC800D63413 /* FormulaTelemetryApp.swift in Sources */,
				BA8B8FFC273CD42F00D63413 /* Manager.swift in Sources */,
				BA973BC7277D254700D113C3 /* LapDataView.swift in Sources */,
				BAC617752757009D00036676 /* SessionDataHandler.swift in Sources */,
			);
			runOnlyForDeploymentPostprocessing = 0;
		};
		BA8B8FCB273CCDCA00D63413 /* Sources */ = {
			isa = PBXSourcesBuildPhase;
			buildActionMask = 2147483647;
			files = (
				BA8B8FD4273CCDCA00D63413 /* FormulaTelemetryTests.swift in Sources */,
			);
			runOnlyForDeploymentPostprocessing = 0;
		};
		BA8B8FD5273CCDCA00D63413 /* Sources */ = {
			isa = PBXSourcesBuildPhase;
			buildActionMask = 2147483647;
			files = (
				BA8B8FDE273CCDCA00D63413 /* FormulaTelemetryUITests.swift in Sources */,
				BA8B8FE0273CCDCA00D63413 /* FormulaTelemetryUITestsLaunchTests.swift in Sources */,
			);
			runOnlyForDeploymentPostprocessing = 0;
		};
/* End PBXSourcesBuildPhase section */

/* Begin PBXTargetDependency section */
		BA8B8FD1273CCDCA00D63413 /* PBXTargetDependency */ = {
			isa = PBXTargetDependency;
			target = BA8B8FB8273CCDC800D63413 /* FormulaTelemetry */;
			targetProxy = BA8B8FD0273CCDCA00D63413 /* PBXContainerItemProxy */;
		};
		BA8B8FDB273CCDCA00D63413 /* PBXTargetDependency */ = {
			isa = PBXTargetDependency;
			target = BA8B8FB8273CCDC800D63413 /* FormulaTelemetry */;
			targetProxy = BA8B8FDA273CCDCA00D63413 /* PBXContainerItemProxy */;
		};
/* End PBXTargetDependency section */

/* Begin XCBuildConfiguration section */
		BA8B8FE1273CCDCA00D63413 /* Debug */ = {
			isa = XCBuildConfiguration;
			buildSettings = {
				ALWAYS_SEARCH_USER_PATHS = NO;
				CLANG_ANALYZER_NONNULL = YES;
				CLANG_ANALYZER_NUMBER_OBJECT_CONVERSION = YES_AGGRESSIVE;
				CLANG_CXX_LANGUAGE_STANDARD = "gnu++17";
				CLANG_CXX_LIBRARY = "libc++";
				CLANG_ENABLE_MODULES = YES;
				CLANG_ENABLE_OBJC_ARC = YES;
				CLANG_ENABLE_OBJC_WEAK = YES;
				CLANG_WARN_BLOCK_CAPTURE_AUTORELEASING = YES;
				CLANG_WARN_BOOL_CONVERSION = YES;
				CLANG_WARN_COMMA = YES;
				CLANG_WARN_CONSTANT_CONVERSION = YES;
				CLANG_WARN_DEPRECATED_OBJC_IMPLEMENTATIONS = YES;
				CLANG_WARN_DIRECT_OBJC_ISA_USAGE = YES_ERROR;
				CLANG_WARN_DOCUMENTATION_COMMENTS = YES;
				CLANG_WARN_EMPTY_BODY = YES;
				CLANG_WARN_ENUM_CONVERSION = YES;
				CLANG_WARN_INFINITE_RECURSION = YES;
				CLANG_WARN_INT_CONVERSION = YES;
				CLANG_WARN_NON_LITERAL_NULL_CONVERSION = YES;
				CLANG_WARN_OBJC_IMPLICIT_RETAIN_SELF = YES;
				CLANG_WARN_OBJC_LITERAL_CONVERSION = YES;
				CLANG_WARN_OBJC_ROOT_CLASS = YES_ERROR;
				CLANG_WARN_QUOTED_INCLUDE_IN_FRAMEWORK_HEADER = YES;
				CLANG_WARN_RANGE_LOOP_ANALYSIS = YES;
				CLANG_WARN_STRICT_PROTOTYPES = YES;
				CLANG_WARN_SUSPICIOUS_MOVE = YES;
				CLANG_WARN_UNGUARDED_AVAILABILITY = YES_AGGRESSIVE;
				CLANG_WARN_UNREACHABLE_CODE = YES;
				CLANG_WARN__DUPLICATE_METHOD_MATCH = YES;
				COPY_PHASE_STRIP = NO;
				DEBUG_INFORMATION_FORMAT = dwarf;
				ENABLE_STRICT_OBJC_MSGSEND = YES;
				ENABLE_TESTABILITY = YES;
				GCC_C_LANGUAGE_STANDARD = gnu11;
				GCC_DYNAMIC_NO_PIC = NO;
				GCC_NO_COMMON_BLOCKS = YES;
				GCC_OPTIMIZATION_LEVEL = 0;
				GCC_PREPROCESSOR_DEFINITIONS = (
					"DEBUG=1",
					"$(inherited)",
				);
				GCC_WARN_64_TO_32_BIT_CONVERSION = YES;
				GCC_WARN_ABOUT_RETURN_TYPE = YES_ERROR;
				GCC_WARN_UNDECLARED_SELECTOR = YES;
				GCC_WARN_UNINITIALIZED_AUTOS = YES_AGGRESSIVE;
				GCC_WARN_UNUSED_FUNCTION = YES;
				GCC_WARN_UNUSED_VARIABLE = YES;
				MACOSX_DEPLOYMENT_TARGET = 11.6;
				MTL_ENABLE_DEBUG_INFO = INCLUDE_SOURCE;
				MTL_FAST_MATH = YES;
				ONLY_ACTIVE_ARCH = YES;
				SDKROOT = macosx;
				SWIFT_ACTIVE_COMPILATION_CONDITIONS = DEBUG;
				SWIFT_OPTIMIZATION_LEVEL = "-Onone";
			};
			name = Debug;
		};
		BA8B8FE2273CCDCA00D63413 /* Release */ = {
			isa = XCBuildConfiguration;
			buildSettings = {
				ALWAYS_SEARCH_USER_PATHS = NO;
				CLANG_ANALYZER_NONNULL = YES;
				CLANG_ANALYZER_NUMBER_OBJECT_CONVERSION = YES_AGGRESSIVE;
				CLANG_CXX_LANGUAGE_STANDARD = "gnu++17";
				CLANG_CXX_LIBRARY = "libc++";
				CLANG_ENABLE_MODULES = YES;
				CLANG_ENABLE_OBJC_ARC = YES;
				CLANG_ENABLE_OBJC_WEAK = YES;
				CLANG_WARN_BLOCK_CAPTURE_AUTORELEASING = YES;
				CLANG_WARN_BOOL_CONVERSION = YES;
				CLANG_WARN_COMMA = YES;
				CLANG_WARN_CONSTANT_CONVERSION = YES;
				CLANG_WARN_DEPRECATED_OBJC_IMPLEMENTATIONS = YES;
				CLANG_WARN_DIRECT_OBJC_ISA_USAGE = YES_ERROR;
				CLANG_WARN_DOCUMENTATION_COMMENTS = YES;
				CLANG_WARN_EMPTY_BODY = YES;
				CLANG_WARN_ENUM_CONVERSION = YES;
				CLANG_WARN_INFINITE_RECURSION = YES;
				CLANG_WARN_INT_CONVERSION = YES;
				CLANG_WARN_NON_LITERAL_NULL_CONVERSION = YES;
				CLANG_WARN_OBJC_IMPLICIT_RETAIN_SELF = YES;
				CLANG_WARN_OBJC_LITERAL_CONVERSION = YES;
				CLANG_WARN_OBJC_ROOT_CLASS = YES_ERROR;
				CLANG_WARN_QUOTED_INCLUDE_IN_FRAMEWORK_HEADER = YES;
				CLANG_WARN_RANGE_LOOP_ANALYSIS = YES;
				CLANG_WARN_STRICT_PROTOTYPES = YES;
				CLANG_WARN_SUSPICIOUS_MOVE = YES;
				CLANG_WARN_UNGUARDED_AVAILABILITY = YES_AGGRESSIVE;
				CLANG_WARN_UNREACHABLE_CODE = YES;
				CLANG_WARN__DUPLICATE_METHOD_MATCH = YES;
				COPY_PHASE_STRIP = NO;
				DEBUG_INFORMATION_FORMAT = "dwarf-with-dsym";
				ENABLE_NS_ASSERTIONS = NO;
				ENABLE_STRICT_OBJC_MSGSEND = YES;
				GCC_C_LANGUAGE_STANDARD = gnu11;
				GCC_NO_COMMON_BLOCKS = YES;
				GCC_WARN_64_TO_32_BIT_CONVERSION = YES;
				GCC_WARN_ABOUT_RETURN_TYPE = YES_ERROR;
				GCC_WARN_UNDECLARED_SELECTOR = YES;
				GCC_WARN_UNINITIALIZED_AUTOS = YES_AGGRESSIVE;
				GCC_WARN_UNUSED_FUNCTION = YES;
				GCC_WARN_UNUSED_VARIABLE = YES;
				MACOSX_DEPLOYMENT_TARGET = 11.6;
				MTL_ENABLE_DEBUG_INFO = NO;
				MTL_FAST_MATH = YES;
				SDKROOT = macosx;
				SWIFT_COMPILATION_MODE = wholemodule;
				SWIFT_OPTIMIZATION_LEVEL = "-O";
			};
			name = Release;
		};
		BA8B8FE4273CCDCA00D63413 /* Debug */ = {
			isa = XCBuildConfiguration;
			buildSettings = {
				ASSETCATALOG_COMPILER_APPICON_NAME = AppIcon;
				ASSETCATALOG_COMPILER_GLOBAL_ACCENT_COLOR_NAME = AccentColor;
				CODE_SIGN_ENTITLEMENTS = FormulaTelemetry/FormulaTelemetry.entitlements;
				CODE_SIGN_STYLE = Automatic;
				COMBINE_HIDPI_IMAGES = YES;
				CURRENT_PROJECT_VERSION = 1;
				DEVELOPMENT_ASSET_PATHS = "\"FormulaTelemetry/Preview Content\"";
				DEVELOPMENT_TEAM = 642D24FH73;
				ENABLE_HARDENED_RUNTIME = YES;
				ENABLE_PREVIEWS = YES;
				GENERATE_INFOPLIST_FILE = YES;
				INFOPLIST_KEY_NSHumanReadableCopyright = "";
				LD_RUNPATH_SEARCH_PATHS = (
					"$(inherited)",
					"@executable_path/../Frameworks",
				);
				MARKETING_VERSION = 1.0;
				PRODUCT_BUNDLE_IDENTIFIER = Atlas.FormulaTelemetry;
				PRODUCT_NAME = "$(TARGET_NAME)";
				SWIFT_EMIT_LOC_STRINGS = YES;
				SWIFT_VERSION = 5.0;
			};
			name = Debug;
		};
		BA8B8FE5273CCDCA00D63413 /* Release */ = {
			isa = XCBuildConfiguration;
			buildSettings = {
				ASSETCATALOG_COMPILER_APPICON_NAME = AppIcon;
				ASSETCATALOG_COMPILER_GLOBAL_ACCENT_COLOR_NAME = AccentColor;
				CODE_SIGN_ENTITLEMENTS = FormulaTelemetry/FormulaTelemetry.entitlements;
				CODE_SIGN_STYLE = Automatic;
				COMBINE_HIDPI_IMAGES = YES;
				CURRENT_PROJECT_VERSION = 1;
				DEVELOPMENT_ASSET_PATHS = "\"FormulaTelemetry/Preview Content\"";
				DEVELOPMENT_TEAM = 642D24FH73;
				ENABLE_HARDENED_RUNTIME = YES;
				ENABLE_PREVIEWS = YES;
				GENERATE_INFOPLIST_FILE = YES;
				INFOPLIST_KEY_NSHumanReadableCopyright = "";
				LD_RUNPATH_SEARCH_PATHS = (
					"$(inherited)",
					"@executable_path/../Frameworks",
				);
				MARKETING_VERSION = 1.0;
				PRODUCT_BUNDLE_IDENTIFIER = Atlas.FormulaTelemetry;
				PRODUCT_NAME = "$(TARGET_NAME)";
				SWIFT_EMIT_LOC_STRINGS = YES;
				SWIFT_VERSION = 5.0;
			};
			name = Release;
		};
		BA8B8FE7273CCDCA00D63413 /* Debug */ = {
			isa = XCBuildConfiguration;
			buildSettings = {
				ALWAYS_EMBED_SWIFT_STANDARD_LIBRARIES = YES;
				BUNDLE_LOADER = "$(TEST_HOST)";
				CODE_SIGN_STYLE = Automatic;
				COMBINE_HIDPI_IMAGES = YES;
				CURRENT_PROJECT_VERSION = 1;
				DEVELOPMENT_TEAM = 642D24FH73;
				GENERATE_INFOPLIST_FILE = YES;
				LD_RUNPATH_SEARCH_PATHS = (
					"$(inherited)",
					"@executable_path/../Frameworks",
					"@loader_path/../Frameworks",
				);
				MACOSX_DEPLOYMENT_TARGET = 11.6;
				MARKETING_VERSION = 1.0;
				PRODUCT_BUNDLE_IDENTIFIER = Atlas.FormulaTelemetryTests;
				PRODUCT_NAME = "$(TARGET_NAME)";
				SWIFT_EMIT_LOC_STRINGS = NO;
				SWIFT_VERSION = 5.0;
				TEST_HOST = "$(BUILT_PRODUCTS_DIR)/FormulaTelemetry.app/Contents/MacOS/FormulaTelemetry";
			};
			name = Debug;
		};
		BA8B8FE8273CCDCA00D63413 /* Release */ = {
			isa = XCBuildConfiguration;
			buildSettings = {
				ALWAYS_EMBED_SWIFT_STANDARD_LIBRARIES = YES;
				BUNDLE_LOADER = "$(TEST_HOST)";
				CODE_SIGN_STYLE = Automatic;
				COMBINE_HIDPI_IMAGES = YES;
				CURRENT_PROJECT_VERSION = 1;
				DEVELOPMENT_TEAM = 642D24FH73;
				GENERATE_INFOPLIST_FILE = YES;
				LD_RUNPATH_SEARCH_PATHS = (
					"$(inherited)",
					"@executable_path/../Frameworks",
					"@loader_path/../Frameworks",
				);
				MACOSX_DEPLOYMENT_TARGET = 11.6;
				MARKETING_VERSION = 1.0;
				PRODUCT_BUNDLE_IDENTIFIER = Atlas.FormulaTelemetryTests;
				PRODUCT_NAME = "$(TARGET_NAME)";
				SWIFT_EMIT_LOC_STRINGS = NO;
				SWIFT_VERSION = 5.0;
				TEST_HOST = "$(BUILT_PRODUCTS_DIR)/FormulaTelemetry.app/Contents/MacOS/FormulaTelemetry";
			};
			name = Release;
		};
		BA8B8FEA273CCDCA00D63413 /* Debug */ = {
			isa = XCBuildConfiguration;
			buildSettings = {
				ALWAYS_EMBED_SWIFT_STANDARD_LIBRARIES = YES;
				CODE_SIGN_STYLE = Automatic;
				COMBINE_HIDPI_IMAGES = YES;
				CURRENT_PROJECT_VERSION = 1;
				DEVELOPMENT_TEAM = 642D24FH73;
				GENERATE_INFOPLIST_FILE = YES;
				LD_RUNPATH_SEARCH_PATHS = (
					"$(inherited)",
					"@executable_path/../Frameworks",
					"@loader_path/../Frameworks",
				);
				MARKETING_VERSION = 1.0;
				PRODUCT_BUNDLE_IDENTIFIER = Atlas.FormulaTelemetryUITests;
				PRODUCT_NAME = "$(TARGET_NAME)";
				SWIFT_EMIT_LOC_STRINGS = NO;
				SWIFT_VERSION = 5.0;
				TEST_TARGET_NAME = FormulaTelemetry;
			};
			name = Debug;
		};
		BA8B8FEB273CCDCA00D63413 /* Release */ = {
			isa = XCBuildConfiguration;
			buildSettings = {
				ALWAYS_EMBED_SWIFT_STANDARD_LIBRARIES = YES;
				CODE_SIGN_STYLE = Automatic;
				COMBINE_HIDPI_IMAGES = YES;
				CURRENT_PROJECT_VERSION = 1;
				DEVELOPMENT_TEAM = 642D24FH73;
				GENERATE_INFOPLIST_FILE = YES;
				LD_RUNPATH_SEARCH_PATHS = (
					"$(inherited)",
					"@executable_path/../Frameworks",
					"@loader_path/../Frameworks",
				);
				MARKETING_VERSION = 1.0;
				PRODUCT_BUNDLE_IDENTIFIER = Atlas.FormulaTelemetryUITests;
				PRODUCT_NAME = "$(TARGET_NAME)";
				SWIFT_EMIT_LOC_STRINGS = NO;
				SWIFT_VERSION = 5.0;
				TEST_TARGET_NAME = FormulaTelemetry;
			};
			name = Release;
		};
/* End XCBuildConfiguration section */

/* Begin XCConfigurationList section */
		BA8B8FB4273CCDC800D63413 /* Build configuration list for PBXProject "FormulaTelemetry" */ = {
			isa = XCConfigurationList;
			buildConfigurations = (
				BA8B8FE1273CCDCA00D63413 /* Debug */,
				BA8B8FE2273CCDCA00D63413 /* Release */,
			);
			defaultConfigurationIsVisible = 0;
			defaultConfigurationName = Release;
		};
		BA8B8FE3273CCDCA00D63413 /* Build configuration list for PBXNativeTarget "FormulaTelemetry" */ = {
			isa = XCConfigurationList;
			buildConfigurations = (
				BA8B8FE4273CCDCA00D63413 /* Debug */,
				BA8B8FE5273CCDCA00D63413 /* Release */,
			);
			defaultConfigurationIsVisible = 0;
			defaultConfigurationName = Release;
		};
		BA8B8FE6273CCDCA00D63413 /* Build configuration list for PBXNativeTarget "FormulaTelemetryTests" */ = {
			isa = XCConfigurationList;
			buildConfigurations = (
				BA8B8FE7273CCDCA00D63413 /* Debug */,
				BA8B8FE8273CCDCA00D63413 /* Release */,
			);
			defaultConfigurationIsVisible = 0;
			defaultConfigurationName = Release;
		};
		BA8B8FE9273CCDCA00D63413 /* Build configuration list for PBXNativeTarget "FormulaTelemetryUITests" */ = {
			isa = XCConfigurationList;
			buildConfigurations = (
				BA8B8FEA273CCDCA00D63413 /* Debug */,
				BA8B8FEB273CCDCA00D63413 /* Release */,
			);
			defaultConfigurationIsVisible = 0;
			defaultConfigurationName = Release;
		};
/* End XCConfigurationList section */

/* Begin XCRemoteSwiftPackageReference section */
		BA93E7DE277CFFD50028DB9C /* XCRemoteSwiftPackageReference "swift-nio" */ = {
			isa = XCRemoteSwiftPackageReference;
			repositoryURL = "https://github.com/apple/swift-nio.git";
			requirement = {
				kind = upToNextMajorVersion;
				minimumVersion = 2.0.0;
			};
		};
/* End XCRemoteSwiftPackageReference section */

/* Begin XCSwiftPackageProductDependency section */
		BA8B9005273CDFE200D63413 /* F12020TelemetryPackets */ = {
			isa = XCSwiftPackageProductDependency;
			productName = F12020TelemetryPackets;
		};
		BA93E7DF277CFFD50028DB9C /* NIO */ = {
			isa = XCSwiftPackageProductDependency;
			package = BA93E7DE277CFFD50028DB9C /* XCRemoteSwiftPackageReference "swift-nio" */;
			productName = NIO;
		};
/* End XCSwiftPackageProductDependency section */

/* Begin XCVersionGroup section */
		BA8B8FC7273CCDCA00D63413 /* FormulaTelemetry.xcdatamodeld */ = {
			isa = XCVersionGroup;
			children = (
				BA8B8FC8273CCDCA00D63413 /* FormulaTelemetry.xcdatamodel */,
			);
			currentVersion = BA8B8FC8273CCDCA00D63413 /* FormulaTelemetry.xcdatamodel */;
			path = FormulaTelemetry.xcdatamodeld;
			sourceTree = "<group>";
			versionGroupType = wrapper.xcdatamodel;
		};
/* End XCVersionGroup section */
	};
	rootObject = BA8B8FB1273CCDC800D63413 /* Project object */;
}
